// !$*UTF8*$!
{
	archiveVersion = 1;
	classes = {
	};
	objectVersion = 46;
	objects = {

/* Begin PBXBuildFile section */
		451431C41D9624DC0050253B /* AppDelegate.swift in Sources */ = {isa = PBXBuildFile; fileRef = 451431C31D9624DC0050253B /* AppDelegate.swift */; };
		451431C61D9624DC0050253B /* ViewController.swift in Sources */ = {isa = PBXBuildFile; fileRef = 451431C51D9624DC0050253B /* ViewController.swift */; };
		451431C91D9624DC0050253B /* Main.storyboard in Resources */ = {isa = PBXBuildFile; fileRef = 451431C71D9624DC0050253B /* Main.storyboard */; };
		451431CB1D9624DC0050253B /* Assets.xcassets in Resources */ = {isa = PBXBuildFile; fileRef = 451431CA1D9624DC0050253B /* Assets.xcassets */; };
		451431CE1D9624DC0050253B /* LaunchScreen.storyboard in Resources */ = {isa = PBXBuildFile; fileRef = 451431CC1D9624DC0050253B /* LaunchScreen.storyboard */; };
/* End PBXBuildFile section */

/* Begin PBXFileReference section */
		451431C01D9624DC0050253B /* MedHacks.app */ = {isa = PBXFileReference; explicitFileType = wrapper.application; includeInIndex = 0; path = MedHacks.app; sourceTree = BUILT_PRODUCTS_DIR; };
		451431C31D9624DC0050253B /* AppDelegate.swift */ = {isa = PBXFileReference; lastKnownFileType = sourcecode.swift; path = AppDelegate.swift; sourceTree = "<group>"; };
		451431C51D9624DC0050253B /* ViewController.swift */ = {isa = PBXFileReference; lastKnownFileType = sourcecode.swift; path = ViewController.swift; sourceTree = "<group>"; };
		451431C81D9624DC0050253B /* Base */ = {isa = PBXFileReference; lastKnownFileType = file.storyboard; name = Base; path = Base.lproj/Main.storyboard; sourceTree = "<group>"; };
		451431CA1D9624DC0050253B /* Assets.xcassets */ = {isa = PBXFileReference; lastKnownFileType = folder.assetcatalog; path = Assets.xcassets; sourceTree = "<group>"; };
		451431CD1D9624DC0050253B /* Base */ = {isa = PBXFileReference; lastKnownFileType = file.storyboard; name = Base; path = Base.lproj/LaunchScreen.storyboard; sourceTree = "<group>"; };
		451431CF1D9624DC0050253B /* Info.plist */ = {isa = PBXFileReference; lastKnownFileType = text.plist.xml; path = Info.plist; sourceTree = "<group>"; };
/* End PBXFileReference section */

/* Begin PBXFrameworksBuildPhase section */
		451431BD1D9624DC0050253B /* Frameworks */ = {
			isa = PBXFrameworksBuildPhase;
			buildActionMask = 2147483647;
			files = (
			);
			runOnlyForDeploymentPostprocessing = 0;
		};
/* End PBXFrameworksBuildPhase section */

/* Begin PBXGroup section */
		451431B71D9624DC0050253B = {
			isa = PBXGroup;
			children = (
				451431C21D9624DC0050253B /* MedHacks */,
				451431C11D9624DC0050253B /* Products */,
			);
			sourceTree = "<group>";
		};
		451431C11D9624DC0050253B /* Products */ = {
			isa = PBXGroup;
			children = (
				451431C01D9624DC0050253B /* MedHacks.app */,
			);
			name = Products;
			sourceTree = "<group>";
		};
		451431C21D9624DC0050253B /* MedHacks */ = {
			isa = PBXGroup;
			children = (
				451431C31D9624DC0050253B /* AppDelegate.swift */,
				451431C51D9624DC0050253B /* ViewController.swift */,
				451431C71D9624DC0050253B /* Main.storyboard */,
				451431CA1D9624DC0050253B /* Assets.xcassets */,
				451431CC1D9624DC0050253B /* LaunchScreen.storyboard */,
				451431CF1D9624DC0050253B /* Info.plist */,
			);
			path = MedHacks;
			sourceTree = "<group>";
		};
/* End PBXGroup section */

/* Begin PBXNativeTarget section */
		451431BF1D9624DC0050253B /* MedHacks */ = {
			isa = PBXNativeTarget;
			buildConfigurationList = 451431D21D9624DC0050253B /* Build configuration list for PBXNativeTarget "MedHacks" */;
			buildPhases = (
				451431BC1D9624DC0050253B /* Sources */,
				451431BD1D9624DC0050253B /* Frameworks */,
				451431BE1D9624DC0050253B /* Resources */,
			);
			buildRules = (
			);
			dependencies = (
			);
			name = MedHacks;
			productName = MedHacks;
			productReference = 451431C01D9624DC0050253B /* MedHacks.app */;
			productType = "com.apple.product-type.application";
		};
/* End PBXNativeTarget section */

/* Begin PBXProject section */
		451431B81D9624DC0050253B /* Project object */ = {
			isa = PBXProject;
			attributes = {
				LastSwiftUpdateCheck = 0800;
				LastUpgradeCheck = 0800;
				ORGANIZATIONNAME = Olivia;
				TargetAttributes = {
					451431BF1D9624DC0050253B = {
						CreatedOnToolsVersion = 8.0;
						ProvisioningStyle = Automatic;
					};
				};
			};
			buildConfigurationList = 451431BB1D9624DC0050253B /* Build configuration list for PBXProject "MedHacks" */;
			compatibilityVersion = "Xcode 3.2";
			developmentRegion = English;
			hasScannedForEncodings = 0;
			knownRegions = (
				en,
				Base,
			);
			mainGroup = 451431B71D9624DC0050253B;
			productRefGroup = 451431C11D9624DC0050253B /* Products */;
			projectDirPath = "";
			projectRoot = "";
			targets = (
				451431BF1D9624DC0050253B /* MedHacks */,
			);
		};
/* End PBXProject section */

/* Begin PBXResourcesBuildPhase section */
		451431BE1D9624DC0050253B /* Resources */ = {
			isa = PBXResourcesBuildPhase;
			buildActionMask = 2147483647;
			files = (
				451431CE1D9624DC0050253B /* LaunchScreen.storyboard in Resources */,
				451431CB1D9624DC0050253B /* Assets.xcassets in Resources */,
				451431C91D9624DC0050253B /* Main.storyboard in Resources */,
			);
			runOnlyForDeploymentPostprocessing = 0;
		};
/* End PBXResourcesBuildPhase section */

/* Begin PBXSourcesBuildPhase section */
		451431BC1D9624DC0050253B /* Sources */ = {
			isa = PBXSourcesBuildPhase;
			buildActionMask = 2147483647;
			files = (
				451431C61D9624DC0050253B /* ViewController.swift in Sources */,
				451431C41D9624DC0050253B /* AppDelegate.swift in Sources */,
			);
			runOnlyForDeploymentPostprocessing = 0;
		};
/* End PBXSourcesBuildPhase section */

/* Begin PBXVariantGroup section */
		451431C71D9624DC0050253B /* Main.storyboard */ = {
			isa = PBXVariantGroup;
			children = (
				451431C81D9624DC0050253B /* Base */,
			);
			name = Main.storyboard;
			sourceTree = "<group>";
		};
		451431CC1D9624DC0050253B /* LaunchScreen.storyboard */ = {
			isa = PBXVariantGroup;
			children = (
				451431CD1D9624DC0050253B /* Base */,
			);
			name = LaunchScreen.storyboard;
			sourceTree = "<group>";
		};
/* End PBXVariantGroup section */

/* Begin XCBuildConfiguration section */
		451431D01D9624DC0050253B /* Debug */ = {
			isa = XCBuildConfiguration;
			buildSettings = {
				ALWAYS_SEARCH_USER_PATHS = NO;
				CLANG_ANALYZER_NONNULL = YES;
				CLANG_CXX_LANGUAGE_STANDARD = "gnu++0x";
				CLANG_CXX_LIBRARY = "libc++";
				CLANG_ENABLE_MODULES = YES;
				CLANG_ENABLE_OBJC_ARC = YES;
				CLANG_WARN_BOOL_CONVERSION = YES;
				CLANG_WARN_CONSTANT_CONVERSION = YES;
				CLANG_WARN_DIRECT_OBJC_ISA_USAGE = YES_ERROR;
				CLANG_WARN_DOCUMENTATION_COMMENTS = YES;
				CLANG_WARN_EMPTY_BODY = YES;
				CLANG_WARN_ENUM_CONVERSION = YES;
				CLANG_WARN_INFINITE_RECURSION = YES;
				CLANG_WARN_INT_CONVERSION = YES;
				CLANG_WARN_OBJC_ROOT_CLASS = YES_ERROR;
				CLANG_WARN_SUSPICIOUS_MOVES = YES;
				CLANG_WARN_UNREACHABLE_CODE = YES;
				CLANG_WARN__DUPLICATE_METHOD_MATCH = YES;
				"CODE_SIGN_IDENTITY[sdk=iphoneos*]" = "iPhone Developer";
				COPY_PHASE_STRIP = NO;
				DEBUG_INFORMATION_FORMAT = dwarf;
				ENABLE_STRICT_OBJC_MSGSEND = YES;
				ENABLE_TESTABILITY = YES;
				GCC_C_LANGUAGE_STANDARD = gnu99;
				GCC_DYNAMIC_NO_PIC = NO;
				GCC_NO_COMMON_BLOCKS = YES;
				GCC_OPTIMIZATION_LEVEL = 0;
				GCC_PREPROCESSOR_DEFINITIONS = (
					"DEBUG=1",
					"$(inherited)",
				);
				GCC_WARN_64_TO_32_BIT_CONVERSION = YES;
				GCC_WARN_ABOUT_RETURN_TYPE = YES_ERROR;
				GCC_WARN_UNDECLARED_SELECTOR = YES;
				GCC_WARN_UNINITIALIZED_AUTOS = YES_AGGRESSIVE;
				GCC_WARN_UNUSED_FUNCTION = YES;
				GCC_WARN_UNUSED_VARIABLE = YES;
				IPHONEOS_DEPLOYMENT_TARGET = 10.0;
				MTL_ENABLE_DEBUG_INFO = YES;
				ONLY_ACTIVE_ARCH = YES;
				SDKROOT = iphoneos;
				SWIFT_ACTIVE_COMPILATION_CONDITIONS = DEBUG;
				SWIFT_OPTIMIZATION_LEVEL = "-Onone";
			};
			name = Debug;
		};
		451431D11D9624DC0050253B /* Release */ = {
			isa = XCBuildConfiguration;
			buildSettings = {
				ALWAYS_SEARCH_USER_PATHS = NO;
				CLANG_ANALYZER_NONNULL = YES;
				CLANG_CXX_LANGUAGE_STANDARD = "gnu++0x";
				CLANG_CXX_LIBRARY = "libc++";
				CLANG_ENABLE_MODULES = YES;
				CLANG_ENABLE_OBJC_ARC = YES;
				CLANG_WARN_BOOL_CONVERSION = YES;
				CLANG_WARN_CONSTANT_CONVERSION = YES;
				CLANG_WARN_DIRECT_OBJC_ISA_USAGE = YES_ERROR;
				CLANG_WARN_DOCUMENTATION_COMMENTS = YES;
				CLANG_WARN_EMPTY_BODY = YES;
				CLANG_WARN_ENUM_CONVERSION = YES;
				CLANG_WARN_INFINITE_RECURSION = YES;
				CLANG_WARN_INT_CONVERSION = YES;
				CLANG_WARN_OBJC_ROOT_CLASS = YES_ERROR;
				CLANG_WARN_SUSPICIOUS_MOVES = YES;
				CLANG_WARN_UNREACHABLE_CODE = YES;
				CLANG_WARN__DUPLICATE_METHOD_MATCH = YES;
				"CODE_SIGN_IDENTITY[sdk=iphoneos*]" = "iPhone Developer";
				COPY_PHASE_STRIP = NO;
				DEBUG_INFORMATION_FORMAT = "dwarf-with-dsym";
				ENABLE_NS_ASSERTIONS = NO;
				ENABLE_STRICT_OBJC_MSGSEND = YES;
				GCC_C_LANGUAGE_STANDARD = gnu99;
				GCC_NO_COMMON_BLOCKS = YES;
				GCC_WARN_64_TO_32_BIT_CONVERSION = YES;
				GCC_WARN_ABOUT_RETURN_TYPE = YES_ERROR;
				GCC_WARN_UNDECLARED_SELECTOR = YES;
				GCC_WARN_UNINITIALIZED_AUTOS = YES_AGGRESSIVE;
				GCC_WARN_UNUSED_FUNCTION = YES;
				GCC_WARN_UNUSED_VARIABLE = YES;
				IPHONEOS_DEPLOYMENT_TARGET = 10.0;
				MTL_ENABLE_DEBUG_INFO = NO;
				SDKROOT = iphoneos;
				SWIFT_OPTIMIZATION_LEVEL = "-Owholemodule";
				VALIDATE_PRODUCT = YES;
			};
			name = Release;
		};
		451431D31D9624DC0050253B /* Debug */ = {
			isa = XCBuildConfiguration;
			buildSettings = {
				ASSETCATALOG_COMPILER_APPICON_NAME = AppIcon;
				INFOPLIST_FILE = MedHacks/Info.plist;
				LD_RUNPATH_SEARCH_PATHS = "$(inherited) @executable_path/Frameworks";
				PRODUCT_BUNDLE_IDENTIFIER = com.okitsolivia.lippiJSON.MedHacks;
				PRODUCT_NAME = "$(TARGET_NAME)";
				SWIFT_VERSION = 3.0;
			};
			name = Debug;
		};
		451431D41D9624DC0050253B /* Release */ = {
			isa = XCBuildConfiguration;
			buildSettings = {
				ASSETCATALOG_COMPILER_APPICON_NAME = AppIcon;
				INFOPLIST_FILE = MedHacks/Info.plist;
				LD_RUNPATH_SEARCH_PATHS = "$(inherited) @executable_path/Frameworks";
				PRODUCT_BUNDLE_IDENTIFIER = com.okitsolivia.lippiJSON.MedHacks;
				PRODUCT_NAME = "$(TARGET_NAME)";
				SWIFT_VERSION = 3.0;
			};
			name = Release;
		};
/* End XCBuildConfiguration section */

/* Begin XCConfigurationList section */
		451431BB1D9624DC0050253B /* Build configuration list for PBXProject "MedHacks" */ = {
			isa = XCConfigurationList;
			buildConfigurations = (
				451431D01D9624DC0050253B /* Debug */,
				451431D11D9624DC0050253B /* Release */,
			);
			defaultConfigurationIsVisible = 0;
			defaultConfigurationName = Release;
		};
		451431D21D9624DC0050253B /* Build configuration list for PBXNativeTarget "MedHacks" */ = {
			isa = XCConfigurationList;
			buildConfigurations = (
				451431D31D9624DC0050253B /* Debug */,
				451431D41D9624DC0050253B /* Release */,
			);
			defaultConfigurationIsVisible = 0;
		};
/* End XCConfigurationList section */
	};
	rootObject = 451431B81D9624DC0050253B /* Project object */;
}
