PODS:
  - Alamofire (4.0.0)
  - Static (2.0.0)

DEPENDENCIES:
  - Alamofire (~> 4.0)
  - Static (from `https://github.com/venmo/Static`)

EXTERNAL SOURCES:
  Static:
    :git: https://github.com/venmo/Static

CHECKOUT OPTIONS:
  Static:
    :commit: 2807107626f81db302886dd47cca4254a3a97187
    :git: https://github.com/venmo/Static

SPEC CHECKSUMS:
  Alamofire: fef59f00388f267e52d9b432aa5d93dc97190f14
  Static: 024f1707c8b150599931560f62afce772dcca884

PODFILE CHECKSUM: 88af2d61e469c0e55af1168908d843197dae3f9d

COCOAPODS: 1.0.1
